// !$*UTF8*$!
{
	archiveVersion = 1;
	classes = {
	};
	objectVersion = 48;
	objects = {

/* Begin PBXBuildFile section */
		6104026C1FAACFA7003A5F3B /* R.generated.swift in Sources */ = {isa = PBXBuildFile; fileRef = 6104026B1FAACFA6003A5F3B /* R.generated.swift */; };
		610402701FAAF13C003A5F3B /* Response.swift in Sources */ = {isa = PBXBuildFile; fileRef = 6104026F1FAAF13C003A5F3B /* Response.swift */; };
		610DF3EC1FCD0A2E001609C1 /* AKHelper.swift in Sources */ = {isa = PBXBuildFile; fileRef = 610DF3EB1FCD0A2E001609C1 /* AKHelper.swift */; };
		610DF3EE1FCD0ADF001609C1 /* InfoType.swift in Sources */ = {isa = PBXBuildFile; fileRef = 610DF3ED1FCD0ADF001609C1 /* InfoType.swift */; };
		610DF3F01FCD11F3001609C1 /* InfoTypeResponse.swift in Sources */ = {isa = PBXBuildFile; fileRef = 610DF3EF1FCD11F3001609C1 /* InfoTypeResponse.swift */; };
		610DF3F21FCD15D0001609C1 /* AKApi.swift in Sources */ = {isa = PBXBuildFile; fileRef = 610DF3F11FCD15D0001609C1 /* AKApi.swift */; };
		6139F1181FBC141100C3FB4F /* Home.storyboard in Resources */ = {isa = PBXBuildFile; fileRef = 6139F1171FBC141100C3FB4F /* Home.storyboard */; };
		6139F11D1FBC1CCF00C3FB4F /* ColorExt.swift in Sources */ = {isa = PBXBuildFile; fileRef = 6139F11C1FBC1CCF00C3FB4F /* ColorExt.swift */; };
		6139F11F1FBC1EE800C3FB4F /* ETNavBarTransparent.swift in Sources */ = {isa = PBXBuildFile; fileRef = 6139F11E1FBC1EE800C3FB4F /* ETNavBarTransparent.swift */; };
		6139F1211FBC301F00C3FB4F /* ImageExt.swift in Sources */ = {isa = PBXBuildFile; fileRef = 6139F1201FBC301F00C3FB4F /* ImageExt.swift */; };
		6139F1231FBC315300C3FB4F /* BaseNavController.swift in Sources */ = {isa = PBXBuildFile; fileRef = 6139F1221FBC315300C3FB4F /* BaseNavController.swift */; };
		6139F1251FBC355D00C3FB4F /* ConstantMacro.swift in Sources */ = {isa = PBXBuildFile; fileRef = 6139F1241FBC355D00C3FB4F /* ConstantMacro.swift */; };
		6139F12B1FBC426B00C3FB4F /* ImageCollectionViewCell.swift in Sources */ = {isa = PBXBuildFile; fileRef = 6139F1291FBC426B00C3FB4F /* ImageCollectionViewCell.swift */; };
		6139F12C1FBC426B00C3FB4F /* ImageCollectionViewCell.xib in Resources */ = {isa = PBXBuildFile; fileRef = 6139F12A1FBC426B00C3FB4F /* ImageCollectionViewCell.xib */; };
		6139F12E1FBC433A00C3FB4F /* UICollectionViewPagingFlowLayout.swift in Sources */ = {isa = PBXBuildFile; fileRef = 6139F12D1FBC433A00C3FB4F /* UICollectionViewPagingFlowLayout.swift */; };
		613C75FA1FEBC13000D16075 /* GetPromResponse.swift in Sources */ = {isa = PBXBuildFile; fileRef = 613C75F91FEBC13000D16075 /* GetPromResponse.swift */; };
		613C75FC1FEBC15100D16075 /* Prom.swift in Sources */ = {isa = PBXBuildFile; fileRef = 613C75FB1FEBC15100D16075 /* Prom.swift */; };
		613C75FE1FEBC1B700D16075 /* PromElement.swift in Sources */ = {isa = PBXBuildFile; fileRef = 613C75FD1FEBC1B700D16075 /* PromElement.swift */; };
		613C76001FECA6A400D16075 /* AKUtil.swift in Sources */ = {isa = PBXBuildFile; fileRef = 613C75FF1FECA6A400D16075 /* AKUtil.swift */; };
		6144326B1FA861F500C7A99A /* HomeVC.swift in Sources */ = {isa = PBXBuildFile; fileRef = 614432691FA861F500C7A99A /* HomeVC.swift */; };
		6144326F1FA8621F00C7A99A /* InfomationVC.swift in Sources */ = {isa = PBXBuildFile; fileRef = 6144326D1FA8621F00C7A99A /* InfomationVC.swift */; };
		614432721FA8627B00C7A99A /* PromotionVC.swift in Sources */ = {isa = PBXBuildFile; fileRef = 614432711FA8627B00C7A99A /* PromotionVC.swift */; };
		614432741FA8628E00C7A99A /* MeVC.swift in Sources */ = {isa = PBXBuildFile; fileRef = 614432731FA8628E00C7A99A /* MeVC.swift */; };
		614432761FA862A400C7A99A /* Infomation.storyboard in Resources */ = {isa = PBXBuildFile; fileRef = 614432751FA862A400C7A99A /* Infomation.storyboard */; };
		614432791FA863B100C7A99A /* Request.swift in Sources */ = {isa = PBXBuildFile; fileRef = 614432781FA863B100C7A99A /* Request.swift */; };
		614F61611FC3C8E9002390D4 /* InfoTypeRequest.swift in Sources */ = {isa = PBXBuildFile; fileRef = 614F61601FC3C8E9002390D4 /* InfoTypeRequest.swift */; };
		6150A2951FBBEAB80073013E /* SwiftLoader.swift in Sources */ = {isa = PBXBuildFile; fileRef = 6150A2941FBBEAB80073013E /* SwiftLoader.swift */; };
		6150A2981FBBED0B0073013E /* DispatchTimeExt.swift in Sources */ = {isa = PBXBuildFile; fileRef = 6150A2971FBBED0B0073013E /* DispatchTimeExt.swift */; };
		615581961FA9CFAB00756DC5 /* LoginResponse.swift in Sources */ = {isa = PBXBuildFile; fileRef = 615581951FA9CFAB00756DC5 /* LoginResponse.swift */; };
		615581981FA9D20500756DC5 /* LoginRequest.swift in Sources */ = {isa = PBXBuildFile; fileRef = 615581971FA9D20500756DC5 /* LoginRequest.swift */; };
		617B992B1FB039A300EC3395 /* BaseRequest.swift in Sources */ = {isa = PBXBuildFile; fileRef = 617B992A1FB039A300EC3395 /* BaseRequest.swift */; };
		617B992D1FB03DFE00EC3395 /* ViewControllerUtil.swift in Sources */ = {isa = PBXBuildFile; fileRef = 617B992C1FB03DFE00EC3395 /* ViewControllerUtil.swift */; };
		617B99301FB0435F00EC3395 /* AKUserManager.swift in Sources */ = {isa = PBXBuildFile; fileRef = 617B992F1FB0435F00EC3395 /* AKUserManager.swift */; };
		617B99331FB043FA00EC3395 /* Auth.swift in Sources */ = {isa = PBXBuildFile; fileRef = 617B99321FB043FA00EC3395 /* Auth.swift */; };
		617F221B1FA0749E00534D27 /* AppDelegate.swift in Sources */ = {isa = PBXBuildFile; fileRef = 617F221A1FA0749E00534D27 /* AppDelegate.swift */; };
		617F22201FA0749E00534D27 /* Main.storyboard in Resources */ = {isa = PBXBuildFile; fileRef = 617F221E1FA0749E00534D27 /* Main.storyboard */; };
		617F22221FA0749E00534D27 /* Assets.xcassets in Resources */ = {isa = PBXBuildFile; fileRef = 617F22211FA0749E00534D27 /* Assets.xcassets */; };
		617F22301FA0749F00534D27 /* AKCareTests.swift in Sources */ = {isa = PBXBuildFile; fileRef = 617F222F1FA0749F00534D27 /* AKCareTests.swift */; };
		617F223B1FA0749F00534D27 /* AKCareUITests.swift in Sources */ = {isa = PBXBuildFile; fileRef = 617F223A1FA0749F00534D27 /* AKCareUITests.swift */; };
		617F225F1FA0817A00534D27 /* LoginVC.swift in Sources */ = {isa = PBXBuildFile; fileRef = 617F225D1FA0817A00534D27 /* LoginVC.swift */; };
		617F22631FA0818F00534D27 /* MainVC.swift in Sources */ = {isa = PBXBuildFile; fileRef = 617F22611FA0818F00534D27 /* MainVC.swift */; };
		617F22651FA084F900534D27 /* Alamofire.framework in Frameworks */ = {isa = PBXBuildFile; fileRef = 617F22661FA084F900534D27 /* Alamofire.framework */; };
		618E199D1FECE6FF00821538 /* HotBanner.swift in Sources */ = {isa = PBXBuildFile; fileRef = 618E199C1FECE6FF00821538 /* HotBanner.swift */; };
		618F78ED1FD151D60034B7EA /* ProInfoVC.swift in Sources */ = {isa = PBXBuildFile; fileRef = 618F78EC1FD151D60034B7EA /* ProInfoVC.swift */; };
		618F78EF1FD15C3A0034B7EA /* PromInfoRequest.swift in Sources */ = {isa = PBXBuildFile; fileRef = 618F78EE1FD15C3A0034B7EA /* PromInfoRequest.swift */; };
		618FD2601FBED584004C2B96 /* ProBannerCell.swift in Sources */ = {isa = PBXBuildFile; fileRef = 618FD25E1FBED584004C2B96 /* ProBannerCell.swift */; };
		618FD2611FBED584004C2B96 /* ProBannerCell.xib in Resources */ = {isa = PBXBuildFile; fileRef = 618FD25F1FBED584004C2B96 /* ProBannerCell.xib */; };
		618FD2651FBED757004C2B96 /* MsgTypeCell.swift in Sources */ = {isa = PBXBuildFile; fileRef = 618FD2631FBED757004C2B96 /* MsgTypeCell.swift */; };
		618FD2661FBED757004C2B96 /* MsgTypeCell.xib in Resources */ = {isa = PBXBuildFile; fileRef = 618FD2641FBED757004C2B96 /* MsgTypeCell.xib */; };
		61B703CA1FBD9EF8001E76E2 /* HomePageRequest.swift in Sources */ = {isa = PBXBuildFile; fileRef = 61B703C91FBD9EF8001E76E2 /* HomePageRequest.swift */; };
		61B88F261FBE8290009AB8D8 /* H5ViewController.swift in Sources */ = {isa = PBXBuildFile; fileRef = 61B88F241FBE8290009AB8D8 /* H5ViewController.swift */; };
		61B88F271FBE8290009AB8D8 /* H5ViewController.xib in Resources */ = {isa = PBXBuildFile; fileRef = 61B88F251FBE8290009AB8D8 /* H5ViewController.xib */; };
		61B88F291FBE832D009AB8D8 /* ViewUtil.swift in Sources */ = {isa = PBXBuildFile; fileRef = 61B88F281FBE832D009AB8D8 /* ViewUtil.swift */; };
		61C1FF621FC27114008AF778 /* HomePageResponse.swift in Sources */ = {isa = PBXBuildFile; fileRef = 61C1FF611FC27114008AF778 /* HomePageResponse.swift */; };
		61C1FF641FC271B1008AF778 /* PromBanner.swift in Sources */ = {isa = PBXBuildFile; fileRef = 61C1FF631FC271B1008AF778 /* PromBanner.swift */; };
		61DEE0281FECEA4C00E03CD8 /* SignView.swift in Sources */ = {isa = PBXBuildFile; fileRef = 61DEE0271FECEA4C00E03CD8 /* SignView.swift */; };
		61DEE02A1FECEA5D00E03CD8 /* SignView.xib in Resources */ = {isa = PBXBuildFile; fileRef = 61DEE0291FECEA5D00E03CD8 /* SignView.xib */; };
		61DEE02C1FECECD800E03CD8 /* BaseXibView.swift in Sources */ = {isa = PBXBuildFile; fileRef = 61DEE02B1FECECD800E03CD8 /* BaseXibView.swift */; };
		61E008741FAAF86A0039364A /* Client.swift in Sources */ = {isa = PBXBuildFile; fileRef = 61E008731FAAF86A0039364A /* Client.swift */; };
		61E008761FAAF9A20039364A /* URLSessionClient.swift in Sources */ = {isa = PBXBuildFile; fileRef = 61E008751FAAF9A20039364A /* URLSessionClient.swift */; };
		61E008781FAAFB9B0039364A /* Decodable.swift in Sources */ = {isa = PBXBuildFile; fileRef = 61E008771FAAFB9B0039364A /* Decodable.swift */; };
		61F4266D1FA1B72100D3BBB6 /* Login.storyboard in Resources */ = {isa = PBXBuildFile; fileRef = 61F4266C1FA1B72100D3BBB6 /* Login.storyboard */; };
		61F4266F1FA1B73800D3BBB6 /* Me.storyboard in Resources */ = {isa = PBXBuildFile; fileRef = 61F4266E1FA1B73800D3BBB6 /* Me.storyboard */; };
		61F426731FA1B87600D3BBB6 /* Promotion.storyboard in Resources */ = {isa = PBXBuildFile; fileRef = 61F426721FA1B87600D3BBB6 /* Promotion.storyboard */; };
		7A3C76094F43BDEE4477D3D0 /* Pods_AKCare.framework in Frameworks */ = {isa = PBXBuildFile; fileRef = B00883A7067BECD721556E6B /* Pods_AKCare.framework */; };
/* End PBXBuildFile section */

/* Begin PBXContainerItemProxy section */
		617F222C1FA0749F00534D27 /* PBXContainerItemProxy */ = {
			isa = PBXContainerItemProxy;
			containerPortal = 617F220F1FA0749E00534D27 /* Project object */;
			proxyType = 1;
			remoteGlobalIDString = 617F22161FA0749E00534D27;
			remoteInfo = AKCare;
		};
		617F22371FA0749F00534D27 /* PBXContainerItemProxy */ = {
			isa = PBXContainerItemProxy;
			containerPortal = 617F220F1FA0749E00534D27 /* Project object */;
			proxyType = 1;
			remoteGlobalIDString = 617F22161FA0749E00534D27;
			remoteInfo = AKCare;
		};
/* End PBXContainerItemProxy section */

/* Begin PBXFileReference section */
		21BDF86069E1B29A9F2C571F /* Pods-AKCare.debug.xcconfig */ = {isa = PBXFileReference; includeInIndex = 1; lastKnownFileType = text.xcconfig; name = "Pods-AKCare.debug.xcconfig"; path = "Pods/Target Support Files/Pods-AKCare/Pods-AKCare.debug.xcconfig"; sourceTree = "<group>"; };
		5289921369D6377B59EF6B4A /* Pods-AKCare.release.xcconfig */ = {isa = PBXFileReference; includeInIndex = 1; lastKnownFileType = text.xcconfig; name = "Pods-AKCare.release.xcconfig"; path = "Pods/Target Support Files/Pods-AKCare/Pods-AKCare.release.xcconfig"; sourceTree = "<group>"; };
		6104026B1FAACFA6003A5F3B /* R.generated.swift */ = {isa = PBXFileReference; lastKnownFileType = sourcecode.swift; path = R.generated.swift; sourceTree = SOURCE_ROOT; };
		6104026F1FAAF13C003A5F3B /* Response.swift */ = {isa = PBXFileReference; lastKnownFileType = sourcecode.swift; path = Response.swift; sourceTree = "<group>"; };
		610DF3EB1FCD0A2E001609C1 /* AKHelper.swift */ = {isa = PBXFileReference; lastKnownFileType = sourcecode.swift; path = AKHelper.swift; sourceTree = "<group>"; };
		610DF3ED1FCD0ADF001609C1 /* InfoType.swift */ = {isa = PBXFileReference; lastKnownFileType = sourcecode.swift; path = InfoType.swift; sourceTree = "<group>"; };
		610DF3EF1FCD11F3001609C1 /* InfoTypeResponse.swift */ = {isa = PBXFileReference; lastKnownFileType = sourcecode.swift; path = InfoTypeResponse.swift; sourceTree = "<group>"; };
		610DF3F11FCD15D0001609C1 /* AKApi.swift */ = {isa = PBXFileReference; lastKnownFileType = sourcecode.swift; path = AKApi.swift; sourceTree = "<group>"; };
		6139F1171FBC141100C3FB4F /* Home.storyboard */ = {isa = PBXFileReference; lastKnownFileType = file.storyboard; path = Home.storyboard; sourceTree = "<group>"; };
		6139F11C1FBC1CCF00C3FB4F /* ColorExt.swift */ = {isa = PBXFileReference; lastKnownFileType = sourcecode.swift; path = ColorExt.swift; sourceTree = "<group>"; };
		6139F11E1FBC1EE800C3FB4F /* ETNavBarTransparent.swift */ = {isa = PBXFileReference; lastKnownFileType = sourcecode.swift; path = ETNavBarTransparent.swift; sourceTree = "<group>"; };
		6139F1201FBC301F00C3FB4F /* ImageExt.swift */ = {isa = PBXFileReference; lastKnownFileType = sourcecode.swift; path = ImageExt.swift; sourceTree = "<group>"; };
		6139F1221FBC315300C3FB4F /* BaseNavController.swift */ = {isa = PBXFileReference; lastKnownFileType = sourcecode.swift; path = BaseNavController.swift; sourceTree = "<group>"; };
		6139F1241FBC355D00C3FB4F /* ConstantMacro.swift */ = {isa = PBXFileReference; lastKnownFileType = sourcecode.swift; path = ConstantMacro.swift; sourceTree = "<group>"; };
		6139F1291FBC426B00C3FB4F /* ImageCollectionViewCell.swift */ = {isa = PBXFileReference; lastKnownFileType = sourcecode.swift; path = ImageCollectionViewCell.swift; sourceTree = "<group>"; };
		6139F12A1FBC426B00C3FB4F /* ImageCollectionViewCell.xib */ = {isa = PBXFileReference; lastKnownFileType = file.xib; path = ImageCollectionViewCell.xib; sourceTree = "<group>"; };
		6139F12D1FBC433A00C3FB4F /* UICollectionViewPagingFlowLayout.swift */ = {isa = PBXFileReference; lastKnownFileType = sourcecode.swift; path = UICollectionViewPagingFlowLayout.swift; sourceTree = "<group>"; };
		613C75F91FEBC13000D16075 /* GetPromResponse.swift */ = {isa = PBXFileReference; lastKnownFileType = sourcecode.swift; path = GetPromResponse.swift; sourceTree = "<group>"; };
		613C75FB1FEBC15100D16075 /* Prom.swift */ = {isa = PBXFileReference; lastKnownFileType = sourcecode.swift; path = Prom.swift; sourceTree = "<group>"; };
		613C75FD1FEBC1B700D16075 /* PromElement.swift */ = {isa = PBXFileReference; lastKnownFileType = sourcecode.swift; path = PromElement.swift; sourceTree = "<group>"; };
		613C75FF1FECA6A400D16075 /* AKUtil.swift */ = {isa = PBXFileReference; lastKnownFileType = sourcecode.swift; path = AKUtil.swift; sourceTree = "<group>"; };
		614432691FA861F500C7A99A /* HomeVC.swift */ = {isa = PBXFileReference; lastKnownFileType = sourcecode.swift; path = HomeVC.swift; sourceTree = "<group>"; };
		6144326D1FA8621F00C7A99A /* InfomationVC.swift */ = {isa = PBXFileReference; lastKnownFileType = sourcecode.swift; path = InfomationVC.swift; sourceTree = "<group>"; };
		614432711FA8627B00C7A99A /* PromotionVC.swift */ = {isa = PBXFileReference; lastKnownFileType = sourcecode.swift; path = PromotionVC.swift; sourceTree = "<group>"; };
		614432731FA8628E00C7A99A /* MeVC.swift */ = {isa = PBXFileReference; lastKnownFileType = sourcecode.swift; path = MeVC.swift; sourceTree = "<group>"; };
		614432751FA862A400C7A99A /* Infomation.storyboard */ = {isa = PBXFileReference; lastKnownFileType = file.storyboard; path = Infomation.storyboard; sourceTree = "<group>"; };
		614432781FA863B100C7A99A /* Request.swift */ = {isa = PBXFileReference; lastKnownFileType = sourcecode.swift; path = Request.swift; sourceTree = "<group>"; };
		614F61601FC3C8E9002390D4 /* InfoTypeRequest.swift */ = {isa = PBXFileReference; lastKnownFileType = sourcecode.swift; path = InfoTypeRequest.swift; sourceTree = "<group>"; };
		6150A2911FBBDA160073013E /* TLScrollTableView.swift */ = {isa = PBXFileReference; lastKnownFileType = sourcecode.swift; path = TLScrollTableView.swift; sourceTree = "<group>"; };
		6150A2921FBBDC0D0073013E /* APLoopingScrollView.swift */ = {isa = PBXFileReference; lastKnownFileType = sourcecode.swift; path = APLoopingScrollView.swift; sourceTree = "<group>"; };
		6150A2941FBBEAB80073013E /* SwiftLoader.swift */ = {isa = PBXFileReference; lastKnownFileType = sourcecode.swift; path = SwiftLoader.swift; sourceTree = "<group>"; };
		6150A2971FBBED0B0073013E /* DispatchTimeExt.swift */ = {isa = PBXFileReference; lastKnownFileType = sourcecode.swift; path = DispatchTimeExt.swift; sourceTree = "<group>"; };
		615581951FA9CFAB00756DC5 /* LoginResponse.swift */ = {isa = PBXFileReference; lastKnownFileType = sourcecode.swift; path = LoginResponse.swift; sourceTree = "<group>"; };
		615581971FA9D20500756DC5 /* LoginRequest.swift */ = {isa = PBXFileReference; lastKnownFileType = sourcecode.swift; path = LoginRequest.swift; sourceTree = "<group>"; };
		617B992A1FB039A300EC3395 /* BaseRequest.swift */ = {isa = PBXFileReference; lastKnownFileType = sourcecode.swift; path = BaseRequest.swift; sourceTree = "<group>"; };
		617B992C1FB03DFE00EC3395 /* ViewControllerUtil.swift */ = {isa = PBXFileReference; lastKnownFileType = sourcecode.swift; path = ViewControllerUtil.swift; sourceTree = "<group>"; };
		617B992F1FB0435F00EC3395 /* AKUserManager.swift */ = {isa = PBXFileReference; lastKnownFileType = sourcecode.swift; path = AKUserManager.swift; sourceTree = "<group>"; };
		617B99321FB043FA00EC3395 /* Auth.swift */ = {isa = PBXFileReference; lastKnownFileType = sourcecode.swift; path = Auth.swift; sourceTree = "<group>"; };
		617F22171FA0749E00534D27 /* AKCare.app */ = {isa = PBXFileReference; explicitFileType = wrapper.application; includeInIndex = 0; path = AKCare.app; sourceTree = BUILT_PRODUCTS_DIR; };
		617F221A1FA0749E00534D27 /* AppDelegate.swift */ = {isa = PBXFileReference; lastKnownFileType = sourcecode.swift; path = AppDelegate.swift; sourceTree = "<group>"; };
		617F221F1FA0749E00534D27 /* Base */ = {isa = PBXFileReference; lastKnownFileType = file.storyboard; name = Base; path = Base.lproj/Main.storyboard; sourceTree = "<group>"; };
		617F22211FA0749E00534D27 /* Assets.xcassets */ = {isa = PBXFileReference; lastKnownFileType = folder.assetcatalog; path = Assets.xcassets; sourceTree = "<group>"; };
		617F222B1FA0749F00534D27 /* AKCareTests.xctest */ = {isa = PBXFileReference; explicitFileType = wrapper.cfbundle; includeInIndex = 0; path = AKCareTests.xctest; sourceTree = BUILT_PRODUCTS_DIR; };
		617F222F1FA0749F00534D27 /* AKCareTests.swift */ = {isa = PBXFileReference; lastKnownFileType = sourcecode.swift; path = AKCareTests.swift; sourceTree = "<group>"; };
		617F22311FA0749F00534D27 /* Info.plist */ = {isa = PBXFileReference; lastKnownFileType = text.plist.xml; path = Info.plist; sourceTree = "<group>"; };
		617F22361FA0749F00534D27 /* AKCareUITests.xctest */ = {isa = PBXFileReference; explicitFileType = wrapper.cfbundle; includeInIndex = 0; path = AKCareUITests.xctest; sourceTree = BUILT_PRODUCTS_DIR; };
		617F223A1FA0749F00534D27 /* AKCareUITests.swift */ = {isa = PBXFileReference; lastKnownFileType = sourcecode.swift; path = AKCareUITests.swift; sourceTree = "<group>"; };
		617F223C1FA0749F00534D27 /* Info.plist */ = {isa = PBXFileReference; lastKnownFileType = text.plist.xml; path = Info.plist; sourceTree = "<group>"; };
		617F225B1FA080F600534D27 /* Info.plist */ = {isa = PBXFileReference; lastKnownFileType = text.plist.xml; path = Info.plist; sourceTree = "<group>"; };
		617F225D1FA0817A00534D27 /* LoginVC.swift */ = {isa = PBXFileReference; lastKnownFileType = sourcecode.swift; path = LoginVC.swift; sourceTree = "<group>"; };
		617F22611FA0818F00534D27 /* MainVC.swift */ = {isa = PBXFileReference; lastKnownFileType = sourcecode.swift; path = MainVC.swift; sourceTree = "<group>"; };
		617F22661FA084F900534D27 /* Alamofire.framework */ = {isa = PBXFileReference; explicitFileType = wrapper.framework; path = Alamofire.framework; sourceTree = BUILT_PRODUCTS_DIR; };
		618E199C1FECE6FF00821538 /* HotBanner.swift */ = {isa = PBXFileReference; lastKnownFileType = sourcecode.swift; path = HotBanner.swift; sourceTree = "<group>"; };
		618F78EC1FD151D60034B7EA /* ProInfoVC.swift */ = {isa = PBXFileReference; lastKnownFileType = sourcecode.swift; path = ProInfoVC.swift; sourceTree = "<group>"; };
		618F78EE1FD15C3A0034B7EA /* PromInfoRequest.swift */ = {isa = PBXFileReference; lastKnownFileType = sourcecode.swift; path = PromInfoRequest.swift; sourceTree = "<group>"; };
		618FD25E1FBED584004C2B96 /* ProBannerCell.swift */ = {isa = PBXFileReference; lastKnownFileType = sourcecode.swift; path = ProBannerCell.swift; sourceTree = "<group>"; };
		618FD25F1FBED584004C2B96 /* ProBannerCell.xib */ = {isa = PBXFileReference; lastKnownFileType = file.xib; path = ProBannerCell.xib; sourceTree = "<group>"; };
		618FD2631FBED757004C2B96 /* MsgTypeCell.swift */ = {isa = PBXFileReference; lastKnownFileType = sourcecode.swift; path = MsgTypeCell.swift; sourceTree = "<group>"; };
		618FD2641FBED757004C2B96 /* MsgTypeCell.xib */ = {isa = PBXFileReference; lastKnownFileType = file.xib; path = MsgTypeCell.xib; sourceTree = "<group>"; };
		61B703C91FBD9EF8001E76E2 /* HomePageRequest.swift */ = {isa = PBXFileReference; lastKnownFileType = sourcecode.swift; path = HomePageRequest.swift; sourceTree = "<group>"; };
		61B88F241FBE8290009AB8D8 /* H5ViewController.swift */ = {isa = PBXFileReference; lastKnownFileType = sourcecode.swift; path = H5ViewController.swift; sourceTree = "<group>"; };
		61B88F251FBE8290009AB8D8 /* H5ViewController.xib */ = {isa = PBXFileReference; lastKnownFileType = file.xib; path = H5ViewController.xib; sourceTree = "<group>"; };
		61B88F281FBE832D009AB8D8 /* ViewUtil.swift */ = {isa = PBXFileReference; lastKnownFileType = sourcecode.swift; path = ViewUtil.swift; sourceTree = "<group>"; };
		61C1FF611FC27114008AF778 /* HomePageResponse.swift */ = {isa = PBXFileReference; lastKnownFileType = sourcecode.swift; path = HomePageResponse.swift; sourceTree = "<group>"; };
		61C1FF631FC271B1008AF778 /* PromBanner.swift */ = {isa = PBXFileReference; lastKnownFileType = sourcecode.swift; path = PromBanner.swift; sourceTree = "<group>"; };
		61DEE0271FECEA4C00E03CD8 /* SignView.swift */ = {isa = PBXFileReference; lastKnownFileType = sourcecode.swift; path = SignView.swift; sourceTree = "<group>"; };
		61DEE0291FECEA5D00E03CD8 /* SignView.xib */ = {isa = PBXFileReference; lastKnownFileType = file.xib; path = SignView.xib; sourceTree = "<group>"; };
		61DEE02B1FECECD800E03CD8 /* BaseXibView.swift */ = {isa = PBXFileReference; lastKnownFileType = sourcecode.swift; path = BaseXibView.swift; sourceTree = "<group>"; };
		61E008731FAAF86A0039364A /* Client.swift */ = {isa = PBXFileReference; lastKnownFileType = sourcecode.swift; path = Client.swift; sourceTree = "<group>"; };
		61E008751FAAF9A20039364A /* URLSessionClient.swift */ = {isa = PBXFileReference; lastKnownFileType = sourcecode.swift; path = URLSessionClient.swift; sourceTree = "<group>"; };
		61E008771FAAFB9B0039364A /* Decodable.swift */ = {isa = PBXFileReference; lastKnownFileType = sourcecode.swift; path = Decodable.swift; sourceTree = "<group>"; };
		61F4266C1FA1B72100D3BBB6 /* Login.storyboard */ = {isa = PBXFileReference; lastKnownFileType = file.storyboard; path = Login.storyboard; sourceTree = "<group>"; };
		61F4266E1FA1B73800D3BBB6 /* Me.storyboard */ = {isa = PBXFileReference; lastKnownFileType = file.storyboard; path = Me.storyboard; sourceTree = "<group>"; };
		61F426721FA1B87600D3BBB6 /* Promotion.storyboard */ = {isa = PBXFileReference; lastKnownFileType = file.storyboard; path = Promotion.storyboard; sourceTree = "<group>"; };
		66E9D7FD4AEF7E155D17CA28 /* Pods_AKCareUITests.framework */ = {isa = PBXFileReference; explicitFileType = wrapper.framework; includeInIndex = 0; path = Pods_AKCareUITests.framework; sourceTree = BUILT_PRODUCTS_DIR; };
		8C88DC26133B43EBBDD4FC1C /* Pods_AKCareTests.framework */ = {isa = PBXFileReference; explicitFileType = wrapper.framework; includeInIndex = 0; path = Pods_AKCareTests.framework; sourceTree = BUILT_PRODUCTS_DIR; };
		B00883A7067BECD721556E6B /* Pods_AKCare.framework */ = {isa = PBXFileReference; explicitFileType = wrapper.framework; includeInIndex = 0; path = Pods_AKCare.framework; sourceTree = BUILT_PRODUCTS_DIR; };
/* End PBXFileReference section */

/* Begin PBXFrameworksBuildPhase section */
		617F22141FA0749E00534D27 /* Frameworks */ = {
			isa = PBXFrameworksBuildPhase;
			buildActionMask = 2147483647;
			files = (
				617F22651FA084F900534D27 /* Alamofire.framework in Frameworks */,
				7A3C76094F43BDEE4477D3D0 /* Pods_AKCare.framework in Frameworks */,
			);
			runOnlyForDeploymentPostprocessing = 0;
		};
		617F22281FA0749F00534D27 /* Frameworks */ = {
			isa = PBXFrameworksBuildPhase;
			buildActionMask = 2147483647;
			files = (
			);
			runOnlyForDeploymentPostprocessing = 0;
		};
		617F22331FA0749F00534D27 /* Frameworks */ = {
			isa = PBXFrameworksBuildPhase;
			buildActionMask = 2147483647;
			files = (
			);
			runOnlyForDeploymentPostprocessing = 0;
		};
/* End PBXFrameworksBuildPhase section */

/* Begin PBXGroup section */
		52852B061F765C55A6FFB86E /* Frameworks */ = {
			isa = PBXGroup;
			children = (
				617F22661FA084F900534D27 /* Alamofire.framework */,
				B00883A7067BECD721556E6B /* Pods_AKCare.framework */,
				8C88DC26133B43EBBDD4FC1C /* Pods_AKCareTests.framework */,
				66E9D7FD4AEF7E155D17CA28 /* Pods_AKCareUITests.framework */,
			);
			name = Frameworks;
			sourceTree = "<group>";
		};
		6139F1261FBC402B00C3FB4F /* Cell */ = {
			isa = PBXGroup;
			children = (
				6139F1291FBC426B00C3FB4F /* ImageCollectionViewCell.swift */,
				6139F12A1FBC426B00C3FB4F /* ImageCollectionViewCell.xib */,
			);
			path = Cell;
			sourceTree = "<group>";
		};
		614432771FA8639C00C7A99A /* API */ = {
			isa = PBXGroup;
			children = (
				61B703C91FBD9EF8001E76E2 /* HomePageRequest.swift */,
				614F61601FC3C8E9002390D4 /* InfoTypeRequest.swift */,
				618F78EE1FD15C3A0034B7EA /* PromInfoRequest.swift */,
			);
			path = API;
			sourceTree = "<group>";
		};
		6144327C1FA8665B00C7A99A /* ApiModel */ = {
			isa = PBXGroup;
			children = (
				61C1FF631FC271B1008AF778 /* PromBanner.swift */,
				610DF3ED1FCD0ADF001609C1 /* InfoType.swift */,
				613C75FB1FEBC15100D16075 /* Prom.swift */,
				613C75FD1FEBC1B700D16075 /* PromElement.swift */,
				618E199C1FECE6FF00821538 /* HotBanner.swift */,
			);
			path = ApiModel;
			sourceTree = "<group>";
		};
		6144327F1FA866C400C7A99A /* Response */ = {
			isa = PBXGroup;
			children = (
				6104026F1FAAF13C003A5F3B /* Response.swift */,
				615581951FA9CFAB00756DC5 /* LoginResponse.swift */,
				61C1FF611FC27114008AF778 /* HomePageResponse.swift */,
				610DF3EF1FCD11F3001609C1 /* InfoTypeResponse.swift */,
				613C75F91FEBC13000D16075 /* GetPromResponse.swift */,
			);
			path = Response;
			sourceTree = "<group>";
		};
		6150A2901FBBDA0A0073013E /* Views */ = {
			isa = PBXGroup;
			children = (
				6150A2911FBBDA160073013E /* TLScrollTableView.swift */,
				61DEE02B1FECECD800E03CD8 /* BaseXibView.swift */,
				6150A2921FBBDC0D0073013E /* APLoopingScrollView.swift */,
				6150A2941FBBEAB80073013E /* SwiftLoader.swift */,
				6139F1221FBC315300C3FB4F /* BaseNavController.swift */,
				6139F12D1FBC433A00C3FB4F /* UICollectionViewPagingFlowLayout.swift */,
				61DEE0271FECEA4C00E03CD8 /* SignView.swift */,
				61DEE0291FECEA5D00E03CD8 /* SignView.xib */,
			);
			path = Views;
			sourceTree = "<group>";
		};
		6150A2961FBBECE70073013E /* Ext */ = {
			isa = PBXGroup;
			children = (
				6150A2971FBBED0B0073013E /* DispatchTimeExt.swift */,
				6139F11C1FBC1CCF00C3FB4F /* ColorExt.swift */,
				6139F1201FBC301F00C3FB4F /* ImageExt.swift */,
			);
			path = Ext;
			sourceTree = "<group>";
		};
		617B992E1FB0435100EC3395 /* Helper */ = {
			isa = PBXGroup;
			children = (
				6139F11E1FBC1EE800C3FB4F /* ETNavBarTransparent.swift */,
				617B992F1FB0435F00EC3395 /* AKUserManager.swift */,
				610DF3EB1FCD0A2E001609C1 /* AKHelper.swift */,
				610DF3F11FCD15D0001609C1 /* AKApi.swift */,
			);
			path = Helper;
			sourceTree = "<group>";
		};
		617B99311FB043F100EC3395 /* AKModel */ = {
			isa = PBXGroup;
			children = (
				617B99321FB043FA00EC3395 /* Auth.swift */,
			);
			path = AKModel;
			sourceTree = "<group>";
		};
		617F220E1FA0749E00534D27 = {
			isa = PBXGroup;
			children = (
				617F22191FA0749E00534D27 /* AKCare */,
				617F222E1FA0749F00534D27 /* AKCareTests */,
				617F22391FA0749F00534D27 /* AKCareUITests */,
				617F22181FA0749E00534D27 /* Products */,
				BBBE632C0880A1702A8BA9C9 /* Pods */,
				52852B061F765C55A6FFB86E /* Frameworks */,
			);
			sourceTree = "<group>";
		};
		617F22181FA0749E00534D27 /* Products */ = {
			isa = PBXGroup;
			children = (
				617F22171FA0749E00534D27 /* AKCare.app */,
				617F222B1FA0749F00534D27 /* AKCareTests.xctest */,
				617F22361FA0749F00534D27 /* AKCareUITests.xctest */,
			);
			name = Products;
			sourceTree = "<group>";
		};
		617F22191FA0749E00534D27 /* AKCare */ = {
			isa = PBXGroup;
			children = (
				617F221A1FA0749E00534D27 /* AppDelegate.swift */,
				617F22561FA080B500534D27 /* Section */,
				617F22511FA080B500534D27 /* General */,
				617F22571FA080B500534D27 /* Macro */,
				617F22521FA080B500534D27 /* UserInterface */,
				617F22541FA080B500534D27 /* Model */,
				617F22591FA080B500534D27 /* Net */,
				617F22581FA080B500534D27 /* Utils */,
				617F22531FA080B500534D27 /* Vendor */,
				617F225C1FA0813900534D27 /* Resource */,
				617F225A1FA080F600534D27 /* SupportFile */,
			);
			path = AKCare;
			sourceTree = "<group>";
		};
		617F222E1FA0749F00534D27 /* AKCareTests */ = {
			isa = PBXGroup;
			children = (
				617F222F1FA0749F00534D27 /* AKCareTests.swift */,
				617F22311FA0749F00534D27 /* Info.plist */,
			);
			path = AKCareTests;
			sourceTree = "<group>";
		};
		617F22391FA0749F00534D27 /* AKCareUITests */ = {
			isa = PBXGroup;
			children = (
				617F223A1FA0749F00534D27 /* AKCareUITests.swift */,
				617F223C1FA0749F00534D27 /* Info.plist */,
			);
			path = AKCareUITests;
			sourceTree = "<group>";
		};
		617F22511FA080B500534D27 /* General */ = {
			isa = PBXGroup;
			children = (
				61B88F231FBE8257009AB8D8 /* ViewControllers */,
				6139F1261FBC402B00C3FB4F /* Cell */,
				6150A2961FBBECE70073013E /* Ext */,
				6150A2901FBBDA0A0073013E /* Views */,
				617B992E1FB0435100EC3395 /* Helper */,
			);
			path = General;
			sourceTree = "<group>";
		};
		617F22521FA080B500534D27 /* UserInterface */ = {
			isa = PBXGroup;
			children = (
				617F221E1FA0749E00534D27 /* Main.storyboard */,
				61F4266C1FA1B72100D3BBB6 /* Login.storyboard */,
				6139F1171FBC141100C3FB4F /* Home.storyboard */,
				61F426721FA1B87600D3BBB6 /* Promotion.storyboard */,
				614432751FA862A400C7A99A /* Infomation.storyboard */,
				61F4266E1FA1B73800D3BBB6 /* Me.storyboard */,
			);
			path = UserInterface;
			sourceTree = "<group>";
		};
		617F22531FA080B500534D27 /* Vendor */ = {
			isa = PBXGroup;
			children = (
			);
			path = Vendor;
			sourceTree = "<group>";
		};
		617F22541FA080B500534D27 /* Model */ = {
			isa = PBXGroup;
			children = (
				617B99311FB043F100EC3395 /* AKModel */,
				6144327F1FA866C400C7A99A /* Response */,
				6144327C1FA8665B00C7A99A /* ApiModel */,
			);
			path = Model;
			sourceTree = "<group>";
		};
		617F22561FA080B500534D27 /* Section */ = {
			isa = PBXGroup;
			children = (
				617F22611FA0818F00534D27 /* MainVC.swift */,
				61F426791FA1B94B00D3BBB6 /* Login */,
				61F4267A1FA1B95900D3BBB6 /* Home */,
				61F426761FA1B94B00D3BBB6 /* Infomation */,
				61F426771FA1B94B00D3BBB6 /* Promotion */,
				61F426781FA1B94B00D3BBB6 /* User */,
			);
			path = Section;
			sourceTree = "<group>";
		};
		617F22571FA080B500534D27 /* Macro */ = {
			isa = PBXGroup;
			children = (
				6139F1241FBC355D00C3FB4F /* ConstantMacro.swift */,
			);
			path = Macro;
			sourceTree = "<group>";
		};
		617F22581FA080B500534D27 /* Utils */ = {
			isa = PBXGroup;
			children = (
				617B992C1FB03DFE00EC3395 /* ViewControllerUtil.swift */,
				61B88F281FBE832D009AB8D8 /* ViewUtil.swift */,
				613C75FF1FECA6A400D16075 /* AKUtil.swift */,
			);
			path = Utils;
			sourceTree = "<group>";
		};
		617F22591FA080B500534D27 /* Net */ = {
			isa = PBXGroup;
			children = (
				61E008731FAAF86A0039364A /* Client.swift */,
				61E008751FAAF9A20039364A /* URLSessionClient.swift */,
				61E008771FAAFB9B0039364A /* Decodable.swift */,
				614432781FA863B100C7A99A /* Request.swift */,
				617B992A1FB039A300EC3395 /* BaseRequest.swift */,
				615581971FA9D20500756DC5 /* LoginRequest.swift */,
				614432771FA8639C00C7A99A /* API */,
			);
			path = Net;
			sourceTree = "<group>";
		};
		617F225A1FA080F600534D27 /* SupportFile */ = {
			isa = PBXGroup;
			children = (
				617F225B1FA080F600534D27 /* Info.plist */,
			);
			path = SupportFile;
			sourceTree = "<group>";
		};
		617F225C1FA0813900534D27 /* Resource */ = {
			isa = PBXGroup;
			children = (
				617F22211FA0749E00534D27 /* Assets.xcassets */,
				6104026B1FAACFA6003A5F3B /* R.generated.swift */,
			);
			path = Resource;
			sourceTree = "<group>";
		};
		618FD25D1FBED56A004C2B96 /* Cell */ = {
			isa = PBXGroup;
			children = (
				618FD25E1FBED584004C2B96 /* ProBannerCell.swift */,
				618FD25F1FBED584004C2B96 /* ProBannerCell.xib */,
			);
			path = Cell;
			sourceTree = "<group>";
		};
		618FD2621FBED741004C2B96 /* Cell */ = {
			isa = PBXGroup;
			children = (
				618FD2631FBED757004C2B96 /* MsgTypeCell.swift */,
				618FD2641FBED757004C2B96 /* MsgTypeCell.xib */,
			);
			path = Cell;
			sourceTree = "<group>";
		};
		61B88F231FBE8257009AB8D8 /* ViewControllers */ = {
			isa = PBXGroup;
			children = (
				61B88F241FBE8290009AB8D8 /* H5ViewController.swift */,
				61B88F251FBE8290009AB8D8 /* H5ViewController.xib */,
			);
			path = ViewControllers;
			sourceTree = "<group>";
		};
		61F426761FA1B94B00D3BBB6 /* Infomation */ = {
			isa = PBXGroup;
			children = (
				618FD2621FBED741004C2B96 /* Cell */,
				6144326D1FA8621F00C7A99A /* InfomationVC.swift */,
			);
			path = Infomation;
			sourceTree = "<group>";
		};
		61F426771FA1B94B00D3BBB6 /* Promotion */ = {
			isa = PBXGroup;
			children = (
				618FD25D1FBED56A004C2B96 /* Cell */,
				614432711FA8627B00C7A99A /* PromotionVC.swift */,
				618F78EC1FD151D60034B7EA /* ProInfoVC.swift */,
			);
			path = Promotion;
			sourceTree = "<group>";
		};
		61F426781FA1B94B00D3BBB6 /* User */ = {
			isa = PBXGroup;
			children = (
				614432731FA8628E00C7A99A /* MeVC.swift */,
			);
			path = User;
			sourceTree = "<group>";
		};
		61F426791FA1B94B00D3BBB6 /* Login */ = {
			isa = PBXGroup;
			children = (
				617F225D1FA0817A00534D27 /* LoginVC.swift */,
			);
			path = Login;
			sourceTree = "<group>";
		};
		61F4267A1FA1B95900D3BBB6 /* Home */ = {
			isa = PBXGroup;
			children = (
				614432691FA861F500C7A99A /* HomeVC.swift */,
			);
			path = Home;
			sourceTree = "<group>";
		};
		BBBE632C0880A1702A8BA9C9 /* Pods */ = {
			isa = PBXGroup;
			children = (
				21BDF86069E1B29A9F2C571F /* Pods-AKCare.debug.xcconfig */,
				5289921369D6377B59EF6B4A /* Pods-AKCare.release.xcconfig */,
			);
			name = Pods;
			sourceTree = "<group>";
		};
/* End PBXGroup section */

/* Begin PBXNativeTarget section */
		617F22161FA0749E00534D27 /* AKCare */ = {
			isa = PBXNativeTarget;
			buildConfigurationList = 617F223F1FA0749F00534D27 /* Build configuration list for PBXNativeTarget "AKCare" */;
			buildPhases = (
				731CC8CB63BF10E4AE404ABB /* [CP] Check Pods Manifest.lock */,
				6104026A1FAABFE6003A5F3B /* ShellScript */,
				617F22131FA0749E00534D27 /* Sources */,
				617F22141FA0749E00534D27 /* Frameworks */,
				617F22151FA0749E00534D27 /* Resources */,
				82FCBB9148E289091AF5E3E3 /* [CP] Embed Pods Frameworks */,
				490B4775EB3A3776A677D1A8 /* [CP] Copy Pods Resources */,
			);
			buildRules = (
			);
			dependencies = (
			);
			name = AKCare;
			productName = AKCare;
			productReference = 617F22171FA0749E00534D27 /* AKCare.app */;
			productType = "com.apple.product-type.application";
		};
		617F222A1FA0749F00534D27 /* AKCareTests */ = {
			isa = PBXNativeTarget;
			buildConfigurationList = 617F22421FA0749F00534D27 /* Build configuration list for PBXNativeTarget "AKCareTests" */;
			buildPhases = (
				617F22271FA0749F00534D27 /* Sources */,
				617F22281FA0749F00534D27 /* Frameworks */,
				617F22291FA0749F00534D27 /* Resources */,
			);
			buildRules = (
			);
			dependencies = (
				617F222D1FA0749F00534D27 /* PBXTargetDependency */,
			);
			name = AKCareTests;
			productName = AKCareTests;
			productReference = 617F222B1FA0749F00534D27 /* AKCareTests.xctest */;
			productType = "com.apple.product-type.bundle.unit-test";
		};
		617F22351FA0749F00534D27 /* AKCareUITests */ = {
			isa = PBXNativeTarget;
			buildConfigurationList = 617F22451FA0749F00534D27 /* Build configuration list for PBXNativeTarget "AKCareUITests" */;
			buildPhases = (
				617F22321FA0749F00534D27 /* Sources */,
				617F22331FA0749F00534D27 /* Frameworks */,
				617F22341FA0749F00534D27 /* Resources */,
			);
			buildRules = (
			);
			dependencies = (
				617F22381FA0749F00534D27 /* PBXTargetDependency */,
			);
			name = AKCareUITests;
			productName = AKCareUITests;
			productReference = 617F22361FA0749F00534D27 /* AKCareUITests.xctest */;
			productType = "com.apple.product-type.bundle.ui-testing";
		};
/* End PBXNativeTarget section */

/* Begin PBXProject section */
		617F220F1FA0749E00534D27 /* Project object */ = {
			isa = PBXProject;
			attributes = {
				LastSwiftUpdateCheck = 0900;
				LastUpgradeCheck = 0900;
				ORGANIZATIONNAME = Ian;
				TargetAttributes = {
					617F22161FA0749E00534D27 = {
						CreatedOnToolsVersion = 9.0;
						ProvisioningStyle = Automatic;
					};
					617F222A1FA0749F00534D27 = {
						CreatedOnToolsVersion = 9.0;
						ProvisioningStyle = Automatic;
						TestTargetID = 617F22161FA0749E00534D27;
					};
					617F22351FA0749F00534D27 = {
						CreatedOnToolsVersion = 9.0;
						ProvisioningStyle = Automatic;
						TestTargetID = 617F22161FA0749E00534D27;
					};
				};
			};
			buildConfigurationList = 617F22121FA0749E00534D27 /* Build configuration list for PBXProject "AKCare" */;
			compatibilityVersion = "Xcode 8.0";
			developmentRegion = en;
			hasScannedForEncodings = 0;
			knownRegions = (
				en,
				Base,
			);
			mainGroup = 617F220E1FA0749E00534D27;
			productRefGroup = 617F22181FA0749E00534D27 /* Products */;
			projectDirPath = "";
			projectRoot = "";
			targets = (
				617F22161FA0749E00534D27 /* AKCare */,
				617F222A1FA0749F00534D27 /* AKCareTests */,
				617F22351FA0749F00534D27 /* AKCareUITests */,
			);
		};
/* End PBXProject section */

/* Begin PBXResourcesBuildPhase section */
		617F22151FA0749E00534D27 /* Resources */ = {
			isa = PBXResourcesBuildPhase;
			buildActionMask = 2147483647;
			files = (
				6139F1181FBC141100C3FB4F /* Home.storyboard in Resources */,
				61F426731FA1B87600D3BBB6 /* Promotion.storyboard in Resources */,
				618FD2661FBED757004C2B96 /* MsgTypeCell.xib in Resources */,
				61F4266F1FA1B73800D3BBB6 /* Me.storyboard in Resources */,
				617F22221FA0749E00534D27 /* Assets.xcassets in Resources */,
				61F4266D1FA1B72100D3BBB6 /* Login.storyboard in Resources */,
				618FD2611FBED584004C2B96 /* ProBannerCell.xib in Resources */,
				61B88F271FBE8290009AB8D8 /* H5ViewController.xib in Resources */,
				614432761FA862A400C7A99A /* Infomation.storyboard in Resources */,
				61DEE02A1FECEA5D00E03CD8 /* SignView.xib in Resources */,
				6139F12C1FBC426B00C3FB4F /* ImageCollectionViewCell.xib in Resources */,
				617F22201FA0749E00534D27 /* Main.storyboard in Resources */,
			);
			runOnlyForDeploymentPostprocessing = 0;
		};
		617F22291FA0749F00534D27 /* Resources */ = {
			isa = PBXResourcesBuildPhase;
			buildActionMask = 2147483647;
			files = (
			);
			runOnlyForDeploymentPostprocessing = 0;
		};
		617F22341FA0749F00534D27 /* Resources */ = {
			isa = PBXResourcesBuildPhase;
			buildActionMask = 2147483647;
			files = (
			);
			runOnlyForDeploymentPostprocessing = 0;
		};
/* End PBXResourcesBuildPhase section */

/* Begin PBXShellScriptBuildPhase section */
		490B4775EB3A3776A677D1A8 /* [CP] Copy Pods Resources */ = {
			isa = PBXShellScriptBuildPhase;
			buildActionMask = 2147483647;
			files = (
			);
			inputPaths = (
			);
			name = "[CP] Copy Pods Resources";
			outputPaths = (
			);
			runOnlyForDeploymentPostprocessing = 0;
			shellPath = /bin/sh;
			shellScript = "\"${SRCROOT}/Pods/Target Support Files/Pods-AKCare/Pods-AKCare-resources.sh\"\n";
			showEnvVarsInLog = 0;
		};
		6104026A1FAABFE6003A5F3B /* ShellScript */ = {
			isa = PBXShellScriptBuildPhase;
			buildActionMask = 2147483647;
			files = (
			);
			inputPaths = (
			);
			outputPaths = (
			);
			runOnlyForDeploymentPostprocessing = 0;
			shellPath = /bin/sh;
			shellScript = "\"$PODS_ROOT/R.swift/rswift\" generate \"$SRCROOT\"";
		};
		731CC8CB63BF10E4AE404ABB /* [CP] Check Pods Manifest.lock */ = {
			isa = PBXShellScriptBuildPhase;
			buildActionMask = 2147483647;
			files = (
			);
			inputPaths = (
				"${PODS_PODFILE_DIR_PATH}/Podfile.lock",
				"${PODS_ROOT}/Manifest.lock",
			);
			name = "[CP] Check Pods Manifest.lock";
			outputPaths = (
				"$(DERIVED_FILE_DIR)/Pods-AKCare-checkManifestLockResult.txt",
			);
			runOnlyForDeploymentPostprocessing = 0;
			shellPath = /bin/sh;
			shellScript = "diff \"${PODS_PODFILE_DIR_PATH}/Podfile.lock\" \"${PODS_ROOT}/Manifest.lock\" > /dev/null\nif [ $? != 0 ] ; then\n    # print error to STDERR\n    echo \"error: The sandbox is not in sync with the Podfile.lock. Run 'pod install' or update your CocoaPods installation.\" >&2\n    exit 1\nfi\n# This output is used by Xcode 'outputs' to avoid re-running this script phase.\necho \"SUCCESS\" > \"${SCRIPT_OUTPUT_FILE_0}\"\n";
			showEnvVarsInLog = 0;
		};
		82FCBB9148E289091AF5E3E3 /* [CP] Embed Pods Frameworks */ = {
			isa = PBXShellScriptBuildPhase;
			buildActionMask = 2147483647;
			files = (
			);
			inputPaths = (
				"${SRCROOT}/Pods/Target Support Files/Pods-AKCare/Pods-AKCare-frameworks.sh",
				"${BUILT_PRODUCTS_DIR}/Alamofire/Alamofire.framework",
				"${BUILT_PRODUCTS_DIR}/DGElasticPullToRefresh/DGElasticPullToRefresh.framework",
				"${BUILT_PRODUCTS_DIR}/Gemini/Gemini.framework",
				"${BUILT_PRODUCTS_DIR}/HandyJSON/HandyJSON.framework",
				"${BUILT_PRODUCTS_DIR}/Kingfisher/Kingfisher.framework",
				"${BUILT_PRODUCTS_DIR}/PKHUD/PKHUD.framework",
				"${BUILT_PRODUCTS_DIR}/R.swift.Library/Rswift.framework",
				"${BUILT_PRODUCTS_DIR}/SwiftyJSON/SwiftyJSON.framework",
			);
			name = "[CP] Embed Pods Frameworks";
			outputPaths = (
				"${TARGET_BUILD_DIR}/${FRAMEWORKS_FOLDER_PATH}/Alamofire.framework",
				"${TARGET_BUILD_DIR}/${FRAMEWORKS_FOLDER_PATH}/DGElasticPullToRefresh.framework",
				"${TARGET_BUILD_DIR}/${FRAMEWORKS_FOLDER_PATH}/Gemini.framework",
				"${TARGET_BUILD_DIR}/${FRAMEWORKS_FOLDER_PATH}/HandyJSON.framework",
				"${TARGET_BUILD_DIR}/${FRAMEWORKS_FOLDER_PATH}/Kingfisher.framework",
				"${TARGET_BUILD_DIR}/${FRAMEWORKS_FOLDER_PATH}/PKHUD.framework",
				"${TARGET_BUILD_DIR}/${FRAMEWORKS_FOLDER_PATH}/Rswift.framework",
				"${TARGET_BUILD_DIR}/${FRAMEWORKS_FOLDER_PATH}/SwiftyJSON.framework",
			);
			runOnlyForDeploymentPostprocessing = 0;
			shellPath = /bin/sh;
			shellScript = "\"${SRCROOT}/Pods/Target Support Files/Pods-AKCare/Pods-AKCare-frameworks.sh\"\n";
			showEnvVarsInLog = 0;
		};
/* End PBXShellScriptBuildPhase section */

/* Begin PBXSourcesBuildPhase section */
		617F22131FA0749E00534D27 /* Sources */ = {
			isa = PBXSourcesBuildPhase;
			buildActionMask = 2147483647;
			files = (
				610DF3F01FCD11F3001609C1 /* InfoTypeResponse.swift in Sources */,
				618E199D1FECE6FF00821538 /* HotBanner.swift in Sources */,
				6139F11F1FBC1EE800C3FB4F /* ETNavBarTransparent.swift in Sources */,
				618F78ED1FD151D60034B7EA /* ProInfoVC.swift in Sources */,
				617B992B1FB039A300EC3395 /* BaseRequest.swift in Sources */,
				615581961FA9CFAB00756DC5 /* LoginResponse.swift in Sources */,
				614F61611FC3C8E9002390D4 /* InfoTypeRequest.swift in Sources */,
				614432721FA8627B00C7A99A /* PromotionVC.swift in Sources */,
				617B992D1FB03DFE00EC3395 /* ViewControllerUtil.swift in Sources */,
				614432791FA863B100C7A99A /* Request.swift in Sources */,
				6150A2981FBBED0B0073013E /* DispatchTimeExt.swift in Sources */,
				610DF3EC1FCD0A2E001609C1 /* AKHelper.swift in Sources */,
				61DEE02C1FECECD800E03CD8 /* BaseXibView.swift in Sources */,
				61B88F291FBE832D009AB8D8 /* ViewUtil.swift in Sources */,
				617B99331FB043FA00EC3395 /* Auth.swift in Sources */,
				61E008781FAAFB9B0039364A /* Decodable.swift in Sources */,
				615581981FA9D20500756DC5 /* LoginRequest.swift in Sources */,
				6139F1251FBC355D00C3FB4F /* ConstantMacro.swift in Sources */,
				6150A2951FBBEAB80073013E /* SwiftLoader.swift in Sources */,
				613C76001FECA6A400D16075 /* AKUtil.swift in Sources */,
				61C1FF641FC271B1008AF778 /* PromBanner.swift in Sources */,
				610402701FAAF13C003A5F3B /* Response.swift in Sources */,
				61DEE0281FECEA4C00E03CD8 /* SignView.swift in Sources */,
				610DF3EE1FCD0ADF001609C1 /* InfoType.swift in Sources */,
				61B88F261FBE8290009AB8D8 /* H5ViewController.swift in Sources */,
				617F22631FA0818F00534D27 /* MainVC.swift in Sources */,
				6139F12E1FBC433A00C3FB4F /* UICollectionViewPagingFlowLayout.swift in Sources */,
				613C75FC1FEBC15100D16075 /* Prom.swift in Sources */,
				61E008741FAAF86A0039364A /* Client.swift in Sources */,
				613C75FA1FEBC13000D16075 /* GetPromResponse.swift in Sources */,
				6139F12B1FBC426B00C3FB4F /* ImageCollectionViewCell.swift in Sources */,
				618F78EF1FD15C3A0034B7EA /* PromInfoRequest.swift in Sources */,
				6104026C1FAACFA7003A5F3B /* R.generated.swift in Sources */,
				6144326F1FA8621F00C7A99A /* InfomationVC.swift in Sources */,
				618FD2601FBED584004C2B96 /* ProBannerCell.swift in Sources */,
				617B99301FB0435F00EC3395 /* AKUserManager.swift in Sources */,
				610DF3F21FCD15D0001609C1 /* AKApi.swift in Sources */,
				6139F11D1FBC1CCF00C3FB4F /* ColorExt.swift in Sources */,
				614432741FA8628E00C7A99A /* MeVC.swift in Sources */,
				613C75FE1FEBC1B700D16075 /* PromElement.swift in Sources */,
				6139F1231FBC315300C3FB4F /* BaseNavController.swift in Sources */,
				6144326B1FA861F500C7A99A /* HomeVC.swift in Sources */,
				61E008761FAAF9A20039364A /* URLSessionClient.swift in Sources */,
				61C1FF621FC27114008AF778 /* HomePageResponse.swift in Sources */,
				61B703CA1FBD9EF8001E76E2 /* HomePageRequest.swift in Sources */,
				618FD2651FBED757004C2B96 /* MsgTypeCell.swift in Sources */,
				6139F1211FBC301F00C3FB4F /* ImageExt.swift in Sources */,
				617F221B1FA0749E00534D27 /* AppDelegate.swift in Sources */,
				617F225F1FA0817A00534D27 /* LoginVC.swift in Sources */,
			);
			runOnlyForDeploymentPostprocessing = 0;
		};
		617F22271FA0749F00534D27 /* Sources */ = {
			isa = PBXSourcesBuildPhase;
			buildActionMask = 2147483647;
			files = (
				617F22301FA0749F00534D27 /* AKCareTests.swift in Sources */,
			);
			runOnlyForDeploymentPostprocessing = 0;
		};
		617F22321FA0749F00534D27 /* Sources */ = {
			isa = PBXSourcesBuildPhase;
			buildActionMask = 2147483647;
			files = (
				617F223B1FA0749F00534D27 /* AKCareUITests.swift in Sources */,
			);
			runOnlyForDeploymentPostprocessing = 0;
		};
/* End PBXSourcesBuildPhase section */

/* Begin PBXTargetDependency section */
		617F222D1FA0749F00534D27 /* PBXTargetDependency */ = {
			isa = PBXTargetDependency;
			target = 617F22161FA0749E00534D27 /* AKCare */;
			targetProxy = 617F222C1FA0749F00534D27 /* PBXContainerItemProxy */;
		};
		617F22381FA0749F00534D27 /* PBXTargetDependency */ = {
			isa = PBXTargetDependency;
			target = 617F22161FA0749E00534D27 /* AKCare */;
			targetProxy = 617F22371FA0749F00534D27 /* PBXContainerItemProxy */;
		};
/* End PBXTargetDependency section */

/* Begin PBXVariantGroup section */
		617F221E1FA0749E00534D27 /* Main.storyboard */ = {
			isa = PBXVariantGroup;
			children = (
				617F221F1FA0749E00534D27 /* Base */,
			);
			name = Main.storyboard;
			sourceTree = "<group>";
		};
/* End PBXVariantGroup section */

/* Begin XCBuildConfiguration section */
		617F223D1FA0749F00534D27 /* Debug */ = {
			isa = XCBuildConfiguration;
			buildSettings = {
				ALWAYS_SEARCH_USER_PATHS = NO;
				CLANG_ANALYZER_NONNULL = YES;
				CLANG_ANALYZER_NUMBER_OBJECT_CONVERSION = YES_AGGRESSIVE;
				CLANG_CXX_LANGUAGE_STANDARD = "gnu++14";
				CLANG_CXX_LIBRARY = "libc++";
				CLANG_ENABLE_MODULES = YES;
				CLANG_ENABLE_OBJC_ARC = YES;
				CLANG_WARN_BLOCK_CAPTURE_AUTORELEASING = YES;
				CLANG_WARN_BOOL_CONVERSION = YES;
				CLANG_WARN_COMMA = YES;
				CLANG_WARN_CONSTANT_CONVERSION = YES;
				CLANG_WARN_DIRECT_OBJC_ISA_USAGE = YES_ERROR;
				CLANG_WARN_DOCUMENTATION_COMMENTS = YES;
				CLANG_WARN_EMPTY_BODY = YES;
				CLANG_WARN_ENUM_CONVERSION = YES;
				CLANG_WARN_INFINITE_RECURSION = YES;
				CLANG_WARN_INT_CONVERSION = YES;
				CLANG_WARN_NON_LITERAL_NULL_CONVERSION = YES;
				CLANG_WARN_OBJC_LITERAL_CONVERSION = YES;
				CLANG_WARN_OBJC_ROOT_CLASS = YES_ERROR;
				CLANG_WARN_RANGE_LOOP_ANALYSIS = YES;
				CLANG_WARN_STRICT_PROTOTYPES = YES;
				CLANG_WARN_SUSPICIOUS_MOVE = YES;
				CLANG_WARN_UNGUARDED_AVAILABILITY = YES_AGGRESSIVE;
				CLANG_WARN_UNREACHABLE_CODE = YES;
				CLANG_WARN__DUPLICATE_METHOD_MATCH = YES;
				CODE_SIGN_IDENTITY = "iPhone Developer";
				COPY_PHASE_STRIP = NO;
				DEBUG_INFORMATION_FORMAT = dwarf;
				ENABLE_STRICT_OBJC_MSGSEND = YES;
				ENABLE_TESTABILITY = YES;
				GCC_C_LANGUAGE_STANDARD = gnu11;
				GCC_DYNAMIC_NO_PIC = NO;
				GCC_NO_COMMON_BLOCKS = YES;
				GCC_OPTIMIZATION_LEVEL = 0;
				GCC_PREPROCESSOR_DEFINITIONS = (
					"DEBUG=1",
					"$(inherited)",
				);
				GCC_WARN_64_TO_32_BIT_CONVERSION = YES;
				GCC_WARN_ABOUT_RETURN_TYPE = YES_ERROR;
				GCC_WARN_UNDECLARED_SELECTOR = YES;
				GCC_WARN_UNINITIALIZED_AUTOS = YES_AGGRESSIVE;
				GCC_WARN_UNUSED_FUNCTION = YES;
				GCC_WARN_UNUSED_VARIABLE = YES;
				IPHONEOS_DEPLOYMENT_TARGET = 9.0;
				MTL_ENABLE_DEBUG_INFO = YES;
				ONLY_ACTIVE_ARCH = YES;
				SDKROOT = iphoneos;
				SWIFT_ACTIVE_COMPILATION_CONDITIONS = DEBUG;
				SWIFT_OPTIMIZATION_LEVEL = "-Onone";
			};
			name = Debug;
		};
		617F223E1FA0749F00534D27 /* Release */ = {
			isa = XCBuildConfiguration;
			buildSettings = {
				ALWAYS_SEARCH_USER_PATHS = NO;
				CLANG_ANALYZER_NONNULL = YES;
				CLANG_ANALYZER_NUMBER_OBJECT_CONVERSION = YES_AGGRESSIVE;
				CLANG_CXX_LANGUAGE_STANDARD = "gnu++14";
				CLANG_CXX_LIBRARY = "libc++";
				CLANG_ENABLE_MODULES = YES;
				CLANG_ENABLE_OBJC_ARC = YES;
				CLANG_WARN_BLOCK_CAPTURE_AUTORELEASING = YES;
				CLANG_WARN_BOOL_CONVERSION = YES;
				CLANG_WARN_COMMA = YES;
				CLANG_WARN_CONSTANT_CONVERSION = YES;
				CLANG_WARN_DIRECT_OBJC_ISA_USAGE = YES_ERROR;
				CLANG_WARN_DOCUMENTATION_COMMENTS = YES;
				CLANG_WARN_EMPTY_BODY = YES;
				CLANG_WARN_ENUM_CONVERSION = YES;
				CLANG_WARN_INFINITE_RECURSION = YES;
				CLANG_WARN_INT_CONVERSION = YES;
				CLANG_WARN_NON_LITERAL_NULL_CONVERSION = YES;
				CLANG_WARN_OBJC_LITERAL_CONVERSION = YES;
				CLANG_WARN_OBJC_ROOT_CLASS = YES_ERROR;
				CLANG_WARN_RANGE_LOOP_ANALYSIS = YES;
				CLANG_WARN_STRICT_PROTOTYPES = YES;
				CLANG_WARN_SUSPICIOUS_MOVE = YES;
				CLANG_WARN_UNGUARDED_AVAILABILITY = YES_AGGRESSIVE;
				CLANG_WARN_UNREACHABLE_CODE = YES;
				CLANG_WARN__DUPLICATE_METHOD_MATCH = YES;
				CODE_SIGN_IDENTITY = "iPhone Developer";
				COPY_PHASE_STRIP = NO;
				DEBUG_INFORMATION_FORMAT = "dwarf-with-dsym";
				ENABLE_NS_ASSERTIONS = NO;
				ENABLE_STRICT_OBJC_MSGSEND = YES;
				GCC_C_LANGUAGE_STANDARD = gnu11;
				GCC_NO_COMMON_BLOCKS = YES;
				GCC_WARN_64_TO_32_BIT_CONVERSION = YES;
				GCC_WARN_ABOUT_RETURN_TYPE = YES_ERROR;
				GCC_WARN_UNDECLARED_SELECTOR = YES;
				GCC_WARN_UNINITIALIZED_AUTOS = YES_AGGRESSIVE;
				GCC_WARN_UNUSED_FUNCTION = YES;
				GCC_WARN_UNUSED_VARIABLE = YES;
				IPHONEOS_DEPLOYMENT_TARGET = 9.0;
				MTL_ENABLE_DEBUG_INFO = NO;
				SDKROOT = iphoneos;
				SWIFT_OPTIMIZATION_LEVEL = "-Owholemodule";
				VALIDATE_PRODUCT = YES;
			};
			name = Release;
		};
		617F22401FA0749F00534D27 /* Debug */ = {
			isa = XCBuildConfiguration;
			baseConfigurationReference = 21BDF86069E1B29A9F2C571F /* Pods-AKCare.debug.xcconfig */;
			buildSettings = {
				ASSETCATALOG_COMPILER_APPICON_NAME = AppIcon;
				ASSETCATALOG_COMPILER_LAUNCHIMAGE_NAME = LaunchImage;
				"CODE_SIGN_IDENTITY[sdk=iphoneos*]" = "iPhone Developer";
				CODE_SIGN_STYLE = Automatic;
				DEVELOPMENT_TEAM = XU43VN3HHX;
				INFOPLIST_FILE = AKCare/SupportFile/Info.plist;
				IPHONEOS_DEPLOYMENT_TARGET = 9.0;
				LD_RUNPATH_SEARCH_PATHS = "$(inherited) @executable_path/Frameworks";
				PRODUCT_BUNDLE_IDENTIFIER = com.Chameleon.AKCare;
				PRODUCT_NAME = "$(TARGET_NAME)";
				PROVISIONING_PROFILE_SPECIFIER = "";
				SWIFT_VERSION = 4.0;
				TARGETED_DEVICE_FAMILY = 1;
			};
			name = Debug;
		};
		617F22411FA0749F00534D27 /* Release */ = {
			isa = XCBuildConfiguration;
			baseConfigurationReference = 5289921369D6377B59EF6B4A /* Pods-AKCare.release.xcconfig */;
			buildSettings = {
				ASSETCATALOG_COMPILER_APPICON_NAME = AppIcon;
				ASSETCATALOG_COMPILER_LAUNCHIMAGE_NAME = LaunchImage;
				"CODE_SIGN_IDENTITY[sdk=iphoneos*]" = "iPhone Developer";
				CODE_SIGN_STYLE = Automatic;
				DEVELOPMENT_TEAM = XU43VN3HHX;
				INFOPLIST_FILE = AKCare/SupportFile/Info.plist;
				IPHONEOS_DEPLOYMENT_TARGET = 9.0;
				LD_RUNPATH_SEARCH_PATHS = "$(inherited) @executable_path/Frameworks";
				PRODUCT_BUNDLE_IDENTIFIER = com.Chameleon.AKCare;
				PRODUCT_NAME = "$(TARGET_NAME)";
				PROVISIONING_PROFILE_SPECIFIER = "";
				SWIFT_VERSION = 4.0;
				TARGETED_DEVICE_FAMILY = 1;
			};
			name = Release;
		};
		617F22431FA0749F00534D27 /* Debug */ = {
			isa = XCBuildConfiguration;
			buildSettings = {
				ALWAYS_EMBED_SWIFT_STANDARD_LIBRARIES = YES;
				BUNDLE_LOADER = "$(TEST_HOST)";
				CODE_SIGN_STYLE = Automatic;
				DEVELOPMENT_TEAM = XU43VN3HHX;
				INFOPLIST_FILE = AKCareTests/Info.plist;
				LD_RUNPATH_SEARCH_PATHS = "$(inherited) @executable_path/Frameworks @loader_path/Frameworks";
				PRODUCT_BUNDLE_IDENTIFIER = Chameleon.AKCareTests;
				PRODUCT_NAME = "$(TARGET_NAME)";
				SWIFT_VERSION = 4.0;
				TARGETED_DEVICE_FAMILY = "1,2";
				TEST_HOST = "$(BUILT_PRODUCTS_DIR)/AKCare.app/AKCare";
			};
			name = Debug;
		};
		617F22441FA0749F00534D27 /* Release */ = {
			isa = XCBuildConfiguration;
			buildSettings = {
				ALWAYS_EMBED_SWIFT_STANDARD_LIBRARIES = YES;
				BUNDLE_LOADER = "$(TEST_HOST)";
				CODE_SIGN_STYLE = Automatic;
				DEVELOPMENT_TEAM = XU43VN3HHX;
				INFOPLIST_FILE = AKCareTests/Info.plist;
				LD_RUNPATH_SEARCH_PATHS = "$(inherited) @executable_path/Frameworks @loader_path/Frameworks";
				PRODUCT_BUNDLE_IDENTIFIER = Chameleon.AKCareTests;
				PRODUCT_NAME = "$(TARGET_NAME)";
				SWIFT_VERSION = 4.0;
				TARGETED_DEVICE_FAMILY = "1,2";
				TEST_HOST = "$(BUILT_PRODUCTS_DIR)/AKCare.app/AKCare";
			};
			name = Release;
		};
		617F22461FA0749F00534D27 /* Debug */ = {
			isa = XCBuildConfiguration;
			buildSettings = {
				ALWAYS_EMBED_SWIFT_STANDARD_LIBRARIES = YES;
				CODE_SIGN_STYLE = Automatic;
				DEVELOPMENT_TEAM = XU43VN3HHX;
				INFOPLIST_FILE = AKCareUITests/Info.plist;
				LD_RUNPATH_SEARCH_PATHS = "$(inherited) @executable_path/Frameworks @loader_path/Frameworks";
				PRODUCT_BUNDLE_IDENTIFIER = Chameleon.AKCareUITests;
				PRODUCT_NAME = "$(TARGET_NAME)";
				SWIFT_VERSION = 4.0;
				TARGETED_DEVICE_FAMILY = "1,2";
				TEST_TARGET_NAME = AKCare;
			};
			name = Debug;
		};
		617F22471FA0749F00534D27 /* Release */ = {
			isa = XCBuildConfiguration;
			buildSettings = {
				ALWAYS_EMBED_SWIFT_STANDARD_LIBRARIES = YES;
				CODE_SIGN_STYLE = Automatic;
				DEVELOPMENT_TEAM = XU43VN3HHX;
				INFOPLIST_FILE = AKCareUITests/Info.plist;
				LD_RUNPATH_SEARCH_PATHS = "$(inherited) @executable_path/Frameworks @loader_path/Frameworks";
				PRODUCT_BUNDLE_IDENTIFIER = Chameleon.AKCareUITests;
				PRODUCT_NAME = "$(TARGET_NAME)";
				SWIFT_VERSION = 4.0;
				TARGETED_DEVICE_FAMILY = "1,2";
				TEST_TARGET_NAME = AKCare;
			};
			name = Release;
		};
/* End XCBuildConfiguration section */

/* Begin XCConfigurationList section */
		617F22121FA0749E00534D27 /* Build configuration list for PBXProject "AKCare" */ = {
			isa = XCConfigurationList;
			buildConfigurations = (
				617F223D1FA0749F00534D27 /* Debug */,
				617F223E1FA0749F00534D27 /* Release */,
			);
			defaultConfigurationIsVisible = 0;
			defaultConfigurationName = Release;
		};
		617F223F1FA0749F00534D27 /* Build configuration list for PBXNativeTarget "AKCare" */ = {
			isa = XCConfigurationList;
			buildConfigurations = (
				617F22401FA0749F00534D27 /* Debug */,
				617F22411FA0749F00534D27 /* Release */,
			);
			defaultConfigurationIsVisible = 0;
			defaultConfigurationName = Release;
		};
		617F22421FA0749F00534D27 /* Build configuration list for PBXNativeTarget "AKCareTests" */ = {
			isa = XCConfigurationList;
			buildConfigurations = (
				617F22431FA0749F00534D27 /* Debug */,
				617F22441FA0749F00534D27 /* Release */,
			);
			defaultConfigurationIsVisible = 0;
			defaultConfigurationName = Release;
		};
		617F22451FA0749F00534D27 /* Build configuration list for PBXNativeTarget "AKCareUITests" */ = {
			isa = XCConfigurationList;
			buildConfigurations = (
				617F22461FA0749F00534D27 /* Debug */,
				617F22471FA0749F00534D27 /* Release */,
			);
			defaultConfigurationIsVisible = 0;
			defaultConfigurationName = Release;
		};
/* End XCConfigurationList section */
	};
	rootObject = 617F220F1FA0749E00534D27 /* Project object */;
}
